// !$*UTF8*$!
{
	archiveVersion = 1;
	classes = {
	};
	objectVersion = 48;
	objects = {

/* Begin PBXBuildFile section */
		3F72FF102034596200FBB647 /* main.c in Sources */ = {isa = PBXBuildFile; fileRef = 3F72FEF92034596200FBB647 /* main.c */; };
		3F72FF112034596200FBB647 /* MyChemistry.c in Sources */ = {isa = PBXBuildFile; fileRef = 3F72FEFA2034596200FBB647 /* MyChemistry.c */; };
		3F72FF122034596200FBB647 /* MyCollisions.c in Sources */ = {isa = PBXBuildFile; fileRef = 3F72FEFB2034596200FBB647 /* MyCollisions.c */; };
		3F72FF132034596200FBB647 /* MyCtx.c in Sources */ = {isa = PBXBuildFile; fileRef = 3F72FEFC2034596200FBB647 /* MyCtx.c */; };
		3F72FF142034596200FBB647 /* MyMonitor.c in Sources */ = {isa = PBXBuildFile; fileRef = 3F72FEFD2034596200FBB647 /* MyMonitor.c */; };
		3F72FF152034596200FBB647 /* MyPDEs.c in Sources */ = {isa = PBXBuildFile; fileRef = 3F72FEFE2034596200FBB647 /* MyPDEs.c */; };
		3F72FF162034596200FBB647 /* MyProfiles.c in Sources */ = {isa = PBXBuildFile; fileRef = 3F72FEFF2034596200FBB647 /* MyProfiles.c */; };
		3F72FF2B2034644400FBB647 /* convert.c in Sources */ = {isa = PBXBuildFile; fileRef = 3F72FEF82034596200FBB647 /* convert.c */; };
		3F72FF2C2034644400FBB647 /* MyChemistry.c in Sources */ = {isa = PBXBuildFile; fileRef = 3F72FEFA2034596200FBB647 /* MyChemistry.c */; };
		3F72FF2D2034644400FBB647 /* MyCollisions.c in Sources */ = {isa = PBXBuildFile; fileRef = 3F72FEFB2034596200FBB647 /* MyCollisions.c */; };
		3F72FF2E2034644400FBB647 /* MyCtx.c in Sources */ = {isa = PBXBuildFile; fileRef = 3F72FEFC2034596200FBB647 /* MyCtx.c */; };
		3F72FF2F2034644400FBB647 /* MyMonitor.c in Sources */ = {isa = PBXBuildFile; fileRef = 3F72FEFD2034596200FBB647 /* MyMonitor.c */; };
		3F72FF302034644400FBB647 /* MyPDEs.c in Sources */ = {isa = PBXBuildFile; fileRef = 3F72FEFE2034596200FBB647 /* MyPDEs.c */; };
		3F72FF312034644400FBB647 /* MyProfiles.c in Sources */ = {isa = PBXBuildFile; fileRef = 3F72FEFF2034596200FBB647 /* MyProfiles.c */; };
/* End PBXBuildFile section */

/* Begin PBXCopyFilesBuildPhase section */
		3F72FEEB2034575B00FBB647 /* CopyFiles */ = {
			isa = PBXCopyFilesBuildPhase;
			buildActionMask = 2147483647;
			dstPath = /usr/share/man/man1/;
			dstSubfolderSpec = 0;
			files = (
			);
			runOnlyForDeploymentPostprocessing = 1;
		};
		3F72FF20203463AC00FBB647 /* CopyFiles */ = {
			isa = PBXCopyFilesBuildPhase;
			buildActionMask = 2147483647;
			dstPath = /usr/share/man/man1/;
			dstSubfolderSpec = 0;
			files = (
			);
			runOnlyForDeploymentPostprocessing = 1;
		};
/* End PBXCopyFilesBuildPhase section */

/* Begin PBXFileReference section */
		3F0B53DD2034DA2A006B9458 /* READ_ME.rtf */ = {isa = PBXFileReference; lastKnownFileType = text.rtf; name = READ_ME.rtf; path = scripts/READ_ME.rtf; sourceTree = "<group>"; };
		3F72FEED2034575B00FBB647 /* M4 */ = {isa = PBXFileReference; explicitFileType = "compiled.mach-o.executable"; includeInIndex = 0; path = M4; sourceTree = BUILT_PRODUCTS_DIR; };
		3F72FEF82034596200FBB647 /* convert.c */ = {isa = PBXFileReference; fileEncoding = 4; lastKnownFileType = sourcecode.c.c; path = convert.c; sourceTree = "<group>"; };
		3F72FEF92034596200FBB647 /* main.c */ = {isa = PBXFileReference; fileEncoding = 4; lastKnownFileType = sourcecode.c.c; path = main.c; sourceTree = "<group>"; };
		3F72FEFA2034596200FBB647 /* MyChemistry.c */ = {isa = PBXFileReference; fileEncoding = 4; lastKnownFileType = sourcecode.c.c; path = MyChemistry.c; sourceTree = "<group>"; };
		3F72FEFB2034596200FBB647 /* MyCollisions.c */ = {isa = PBXFileReference; fileEncoding = 4; lastKnownFileType = sourcecode.c.c; path = MyCollisions.c; sourceTree = "<group>"; };
		3F72FEFC2034596200FBB647 /* MyCtx.c */ = {isa = PBXFileReference; fileEncoding = 4; lastKnownFileType = sourcecode.c.c; path = MyCtx.c; sourceTree = "<group>"; };
		3F72FEFD2034596200FBB647 /* MyMonitor.c */ = {isa = PBXFileReference; fileEncoding = 4; lastKnownFileType = sourcecode.c.c; path = MyMonitor.c; sourceTree = "<group>"; };
		3F72FEFE2034596200FBB647 /* MyPDEs.c */ = {isa = PBXFileReference; fileEncoding = 4; lastKnownFileType = sourcecode.c.c; path = MyPDEs.c; sourceTree = "<group>"; };
		3F72FEFF2034596200FBB647 /* MyProfiles.c */ = {isa = PBXFileReference; fileEncoding = 4; lastKnownFileType = sourcecode.c.c; path = MyProfiles.c; sourceTree = "<group>"; };
		3F72FF002034596200FBB647 /* start.job */ = {isa = PBXFileReference; fileEncoding = 4; lastKnownFileType = text.script.sh; path = start.job; sourceTree = "<group>"; };
		3F72FF022034596200FBB647 /* MyChemistry.h */ = {isa = PBXFileReference; fileEncoding = 4; lastKnownFileType = sourcecode.c.h; path = MyChemistry.h; sourceTree = "<group>"; };
		3F72FF032034596200FBB647 /* MyCollisions.h */ = {isa = PBXFileReference; fileEncoding = 4; lastKnownFileType = sourcecode.c.h; path = MyCollisions.h; sourceTree = "<group>"; };
		3F72FF042034596200FBB647 /* MyCtx.h */ = {isa = PBXFileReference; fileEncoding = 4; lastKnownFileType = sourcecode.c.h; path = MyCtx.h; sourceTree = "<group>"; };
		3F72FF052034596200FBB647 /* MyMonitor.h */ = {isa = PBXFileReference; fileEncoding = 4; lastKnownFileType = sourcecode.c.h; path = MyMonitor.h; sourceTree = "<group>"; };
		3F72FF062034596200FBB647 /* MyPDEs.h */ = {isa = PBXFileReference; fileEncoding = 4; lastKnownFileType = sourcecode.c.h; path = MyPDEs.h; sourceTree = "<group>"; };
		3F72FF072034596200FBB647 /* MyProfiles.h */ = {isa = PBXFileReference; fileEncoding = 4; lastKnownFileType = sourcecode.c.h; path = MyProfiles.h; sourceTree = "<group>"; };
		3F72FF092034596200FBB647 /* main.in */ = {isa = PBXFileReference; fileEncoding = 4; lastKnownFileType = text; path = main.in; sourceTree = "<group>"; };
		3F72FF0A2034596200FBB647 /* Partition.in */ = {isa = PBXFileReference; fileEncoding = 4; lastKnownFileType = text; path = Partition.in; sourceTree = "<group>"; };
		3F72FF0B2034596200FBB647 /* Profiles.in */ = {isa = PBXFileReference; fileEncoding = 4; lastKnownFileType = text; path = Profiles.in; sourceTree = "<group>"; };
		3F72FF0C2034596200FBB647 /* Viking1_fit.m */ = {isa = PBXFileReference; fileEncoding = 4; lastKnownFileType = sourcecode.c.objc; path = Viking1_fit.m; sourceTree = "<group>"; };
		3F72FF0D2034596200FBB647 /* makefile */ = {isa = PBXFileReference; fileEncoding = 4; lastKnownFileType = sourcecode.make; path = makefile; sourceTree = "<group>"; };
		3F72FF22203463AC00FBB647 /* conv */ = {isa = PBXFileReference; explicitFileType = "compiled.mach-o.executable"; includeInIndex = 0; path = conv; sourceTree = BUILT_PRODUCTS_DIR; };
		3F72FF24203463AC00FBB647 /* main.c */ = {isa = PBXFileReference; lastKnownFileType = sourcecode.c.c; path = main.c; sourceTree = "<group>"; };
/* End PBXFileReference section */

/* Begin PBXFrameworksBuildPhase section */
		3F72FEEA2034575B00FBB647 /* Frameworks */ = {
			isa = PBXFrameworksBuildPhase;
			buildActionMask = 2147483647;
			files = (
			);
			runOnlyForDeploymentPostprocessing = 0;
		};
		3F72FF1F203463AC00FBB647 /* Frameworks */ = {
			isa = PBXFrameworksBuildPhase;
			buildActionMask = 2147483647;
			files = (
			);
			runOnlyForDeploymentPostprocessing = 0;
		};
/* End PBXFrameworksBuildPhase section */

/* Begin PBXGroup section */
		3F72FEE42034575B00FBB647 = {
			isa = PBXGroup;
			children = (
				3F0B53DD2034DA2A006B9458 /* READ_ME.rtf */,
				3F72FF0D2034596200FBB647 /* makefile */,
				3F72FF002034596200FBB647 /* start.job */,
				3F72FF012034596200FBB647 /* include */,
				3F72FEF72034596200FBB647 /* src */,
				3F72FF082034596200FBB647 /* input */,
				3F72FF0E2034596200FBB647 /* output */,
				3F72FF23203463AC00FBB647 /* conv */,
				3F72FEEE2034575B00FBB647 /* Products */,
				3F72FF1920345D1900FBB647 /* Frameworks */,
			);
			sourceTree = "<group>";
		};
		3F72FEEE2034575B00FBB647 /* Products */ = {
			isa = PBXGroup;
			children = (
				3F72FEED2034575B00FBB647 /* M4 */,
				3F72FF22203463AC00FBB647 /* conv */,
			);
			name = Products;
			sourceTree = "<group>";
		};
		3F72FEF72034596200FBB647 /* src */ = {
			isa = PBXGroup;
			children = (
				3F72FEF82034596200FBB647 /* convert.c */,
				3F72FEF92034596200FBB647 /* main.c */,
				3F72FEFA2034596200FBB647 /* MyChemistry.c */,
				3F72FEFB2034596200FBB647 /* MyCollisions.c */,
				3F72FEFC2034596200FBB647 /* MyCtx.c */,
				3F72FEFD2034596200FBB647 /* MyMonitor.c */,
				3F72FEFE2034596200FBB647 /* MyPDEs.c */,
				3F72FEFF2034596200FBB647 /* MyProfiles.c */,
			);
			path = src;
			sourceTree = "<group>";
		};
		3F72FF012034596200FBB647 /* include */ = {
			isa = PBXGroup;
			children = (
				3F72FF022034596200FBB647 /* MyChemistry.h */,
				3F72FF032034596200FBB647 /* MyCollisions.h */,
				3F72FF042034596200FBB647 /* MyCtx.h */,
				3F72FF052034596200FBB647 /* MyMonitor.h */,
				3F72FF062034596200FBB647 /* MyPDEs.h */,
				3F72FF072034596200FBB647 /* MyProfiles.h */,
			);
			path = include;
			sourceTree = "<group>";
		};
		3F72FF082034596200FBB647 /* input */ = {
			isa = PBXGroup;
			children = (
				3F72FF092034596200FBB647 /* main.in */,
				3F72FF0A2034596200FBB647 /* Partition.in */,
				3F72FF0B2034596200FBB647 /* Profiles.in */,
				3F72FF0C2034596200FBB647 /* Viking1_fit.m */,
			);
			path = input;
			sourceTree = "<group>";
		};
		3F72FF0E2034596200FBB647 /* output */ = {
			isa = PBXGroup;
			children = (
			);
			path = output;
			sourceTree = "<group>";
		};
		3F72FF1920345D1900FBB647 /* Frameworks */ = {
			isa = PBXGroup;
			children = (
			);
			name = Frameworks;
			sourceTree = "<group>";
		};
		3F72FF23203463AC00FBB647 /* conv */ = {
			isa = PBXGroup;
			children = (
				3F72FF24203463AC00FBB647 /* main.c */,
			);
			path = conv;
			sourceTree = "<group>";
		};
/* End PBXGroup section */

/* Begin PBXNativeTarget section */
		3F72FEEC2034575B00FBB647 /* M4 */ = {
			isa = PBXNativeTarget;
			buildConfigurationList = 3F72FEF42034575B00FBB647 /* Build configuration list for PBXNativeTarget "M4" */;
			buildPhases = (
				3F72FEE92034575B00FBB647 /* Sources */,
				3F72FEEA2034575B00FBB647 /* Frameworks */,
				3F72FEEB2034575B00FBB647 /* CopyFiles */,
			);
			buildRules = (
			);
			dependencies = (
			);
			name = M4;
			productName = M4;
			productReference = 3F72FEED2034575B00FBB647 /* M4 */;
			productType = "com.apple.product-type.tool";
		};
		3F72FF21203463AC00FBB647 /* conv */ = {
			isa = PBXNativeTarget;
			buildConfigurationList = 3F72FF26203463AC00FBB647 /* Build configuration list for PBXNativeTarget "conv" */;
			buildPhases = (
				3F72FF1E203463AC00FBB647 /* Sources */,
				3F72FF1F203463AC00FBB647 /* Frameworks */,
				3F72FF20203463AC00FBB647 /* CopyFiles */,
			);
			buildRules = (
			);
			dependencies = (
			);
			name = conv;
			productName = conv;
			productReference = 3F72FF22203463AC00FBB647 /* conv */;
			productType = "com.apple.product-type.tool";
		};
/* End PBXNativeTarget section */

/* Begin PBXProject section */
		3F72FEE52034575B00FBB647 /* Project object */ = {
			isa = PBXProject;
			attributes = {
				LastUpgradeCheck = 0940;
				ORGANIZATIONNAME = JAR;
				TargetAttributes = {
					3F72FEEC2034575B00FBB647 = {
						CreatedOnToolsVersion = 9.2;
						ProvisioningStyle = Automatic;
					};
					3F72FF21203463AC00FBB647 = {
						CreatedOnToolsVersion = 9.2;
						ProvisioningStyle = Automatic;
					};
				};
			};
			buildConfigurationList = 3F72FEE82034575B00FBB647 /* Build configuration list for PBXProject "M4" */;
			compatibilityVersion = "Xcode 8.0";
			developmentRegion = en;
			hasScannedForEncodings = 0;
			knownRegions = (
				en,
			);
			mainGroup = 3F72FEE42034575B00FBB647;
			productRefGroup = 3F72FEEE2034575B00FBB647 /* Products */;
			projectDirPath = "";
			projectRoot = "";
			targets = (
				3F72FEEC2034575B00FBB647 /* M4 */,
				3F72FF21203463AC00FBB647 /* conv */,
			);
		};
/* End PBXProject section */

/* Begin PBXSourcesBuildPhase section */
		3F72FEE92034575B00FBB647 /* Sources */ = {
			isa = PBXSourcesBuildPhase;
			buildActionMask = 2147483647;
			files = (
				3F72FF142034596200FBB647 /* MyMonitor.c in Sources */,
				3F72FF122034596200FBB647 /* MyCollisions.c in Sources */,
				3F72FF102034596200FBB647 /* main.c in Sources */,
				3F72FF112034596200FBB647 /* MyChemistry.c in Sources */,
				3F72FF132034596200FBB647 /* MyCtx.c in Sources */,
				3F72FF152034596200FBB647 /* MyPDEs.c in Sources */,
				3F72FF162034596200FBB647 /* MyProfiles.c in Sources */,
			);
			runOnlyForDeploymentPostprocessing = 0;
		};
		3F72FF1E203463AC00FBB647 /* Sources */ = {
			isa = PBXSourcesBuildPhase;
			buildActionMask = 2147483647;
			files = (
				3F72FF2B2034644400FBB647 /* convert.c in Sources */,
				3F72FF2C2034644400FBB647 /* MyChemistry.c in Sources */,
				3F72FF2D2034644400FBB647 /* MyCollisions.c in Sources */,
				3F72FF2E2034644400FBB647 /* MyCtx.c in Sources */,
				3F72FF2F2034644400FBB647 /* MyMonitor.c in Sources */,
				3F72FF302034644400FBB647 /* MyPDEs.c in Sources */,
				3F72FF312034644400FBB647 /* MyProfiles.c in Sources */,
			);
			runOnlyForDeploymentPostprocessing = 0;
		};
/* End PBXSourcesBuildPhase section */

/* Begin XCBuildConfiguration section */
		3F72FEF22034575B00FBB647 /* Debug */ = {
			isa = XCBuildConfiguration;
			buildSettings = {
				ALWAYS_SEARCH_USER_PATHS = NO;
				CLANG_ANALYZER_NONNULL = YES;
				CLANG_ANALYZER_NUMBER_OBJECT_CONVERSION = YES_AGGRESSIVE;
				CLANG_CXX_LANGUAGE_STANDARD = "gnu++14";
				CLANG_CXX_LIBRARY = "libc++";
				CLANG_ENABLE_MODULES = YES;
				CLANG_ENABLE_OBJC_ARC = YES;
				CLANG_MODULES_AUTOLINK = NO;
				CLANG_WARN_BLOCK_CAPTURE_AUTORELEASING = YES;
				CLANG_WARN_BOOL_CONVERSION = YES;
				CLANG_WARN_COMMA = YES;
				CLANG_WARN_CONSTANT_CONVERSION = YES;
				CLANG_WARN_DEPRECATED_OBJC_IMPLEMENTATIONS = YES;
				CLANG_WARN_DIRECT_OBJC_ISA_USAGE = YES_ERROR;
				CLANG_WARN_DOCUMENTATION_COMMENTS = YES;
				CLANG_WARN_EMPTY_BODY = YES;
				CLANG_WARN_ENUM_CONVERSION = YES;
				CLANG_WARN_INFINITE_RECURSION = YES;
				CLANG_WARN_INT_CONVERSION = YES;
				CLANG_WARN_NON_LITERAL_NULL_CONVERSION = YES;
				CLANG_WARN_OBJC_IMPLICIT_RETAIN_SELF = YES;
				CLANG_WARN_OBJC_LITERAL_CONVERSION = YES;
				CLANG_WARN_OBJC_ROOT_CLASS = YES_ERROR;
				CLANG_WARN_RANGE_LOOP_ANALYSIS = YES;
				CLANG_WARN_STRICT_PROTOTYPES = YES;
				CLANG_WARN_SUSPICIOUS_MOVE = YES;
				CLANG_WARN_UNGUARDED_AVAILABILITY = YES_AGGRESSIVE;
				CLANG_WARN_UNREACHABLE_CODE = YES;
				CLANG_WARN__DUPLICATE_METHOD_MATCH = YES;
				CODE_SIGN_IDENTITY = "Mac Developer";
				COPY_PHASE_STRIP = NO;
				DEBUG_INFORMATION_FORMAT = dwarf;
				ENABLE_STRICT_OBJC_MSGSEND = YES;
				ENABLE_TESTABILITY = YES;
				GCC_C_LANGUAGE_STANDARD = gnu11;
				GCC_DYNAMIC_NO_PIC = NO;
				GCC_NO_COMMON_BLOCKS = YES;
				GCC_OPTIMIZATION_LEVEL = 0;
				GCC_PREPROCESSOR_DEFINITIONS = (
					"DEBUG=1",
					"$(inherited)",
				);
				GCC_WARN_64_TO_32_BIT_CONVERSION = YES;
				GCC_WARN_ABOUT_RETURN_TYPE = YES_ERROR;
				GCC_WARN_UNDECLARED_SELECTOR = YES;
				GCC_WARN_UNINITIALIZED_AUTOS = YES_AGGRESSIVE;
				GCC_WARN_UNUSED_FUNCTION = YES;
				GCC_WARN_UNUSED_VARIABLE = YES;
				MACOSX_DEPLOYMENT_TARGET = 10.13;
				MTL_ENABLE_DEBUG_INFO = YES;
				ONLY_ACTIVE_ARCH = YES;
				OTHER_LDFLAGS = (
					"-lmpicxx",
					"-lmpi",
					"-lpetsc",
				);
				SDKROOT = macosx;
			};
			name = Debug;
		};
		3F72FEF32034575B00FBB647 /* Release */ = {
			isa = XCBuildConfiguration;
			buildSettings = {
				ALWAYS_SEARCH_USER_PATHS = NO;
				CLANG_ANALYZER_NONNULL = YES;
				CLANG_ANALYZER_NUMBER_OBJECT_CONVERSION = YES_AGGRESSIVE;
				CLANG_CXX_LANGUAGE_STANDARD = "gnu++14";
				CLANG_CXX_LIBRARY = "libc++";
				CLANG_ENABLE_MODULES = YES;
				CLANG_ENABLE_OBJC_ARC = YES;
				CLANG_MODULES_AUTOLINK = NO;
				CLANG_WARN_BLOCK_CAPTURE_AUTORELEASING = YES;
				CLANG_WARN_BOOL_CONVERSION = YES;
				CLANG_WARN_COMMA = YES;
				CLANG_WARN_CONSTANT_CONVERSION = YES;
				CLANG_WARN_DEPRECATED_OBJC_IMPLEMENTATIONS = YES;
				CLANG_WARN_DIRECT_OBJC_ISA_USAGE = YES_ERROR;
				CLANG_WARN_DOCUMENTATION_COMMENTS = YES;
				CLANG_WARN_EMPTY_BODY = YES;
				CLANG_WARN_ENUM_CONVERSION = YES;
				CLANG_WARN_INFINITE_RECURSION = YES;
				CLANG_WARN_INT_CONVERSION = YES;
				CLANG_WARN_NON_LITERAL_NULL_CONVERSION = YES;
				CLANG_WARN_OBJC_IMPLICIT_RETAIN_SELF = YES;
				CLANG_WARN_OBJC_LITERAL_CONVERSION = YES;
				CLANG_WARN_OBJC_ROOT_CLASS = YES_ERROR;
				CLANG_WARN_RANGE_LOOP_ANALYSIS = YES;
				CLANG_WARN_STRICT_PROTOTYPES = YES;
				CLANG_WARN_SUSPICIOUS_MOVE = YES;
				CLANG_WARN_UNGUARDED_AVAILABILITY = YES_AGGRESSIVE;
				CLANG_WARN_UNREACHABLE_CODE = YES;
				CLANG_WARN__DUPLICATE_METHOD_MATCH = YES;
				CODE_SIGN_IDENTITY = "Mac Developer";
				COPY_PHASE_STRIP = NO;
				DEBUG_INFORMATION_FORMAT = "dwarf-with-dsym";
				ENABLE_NS_ASSERTIONS = NO;
				ENABLE_STRICT_OBJC_MSGSEND = YES;
				GCC_C_LANGUAGE_STANDARD = gnu11;
				GCC_NO_COMMON_BLOCKS = YES;
				GCC_WARN_64_TO_32_BIT_CONVERSION = YES;
				GCC_WARN_ABOUT_RETURN_TYPE = YES_ERROR;
				GCC_WARN_UNDECLARED_SELECTOR = YES;
				GCC_WARN_UNINITIALIZED_AUTOS = YES_AGGRESSIVE;
				GCC_WARN_UNUSED_FUNCTION = YES;
				GCC_WARN_UNUSED_VARIABLE = YES;
				MACOSX_DEPLOYMENT_TARGET = 10.13;
				MTL_ENABLE_DEBUG_INFO = NO;
				OTHER_LDFLAGS = (
					"-lmpicxx",
					"-lmpi",
					"-lpetsc",
				);
				SDKROOT = macosx;
			};
			name = Release;
		};
		3F72FEF52034575B00FBB647 /* Debug */ = {
			isa = XCBuildConfiguration;
			buildSettings = {
				CODE_SIGN_STYLE = Automatic;
				CONFIGURATION_BUILD_DIR = "$(BUILD_DIR)/$(EFFECTIVE_PLATFORM_NAME)";
				CONFIGURATION_TEMP_DIR = "$(PROJECT_TEMP_DIR)/$(EFFECTIVE_PLATFORM_NAME)";
				DEVELOPMENT_TEAM = KB22EGXEQA;
				HEADER_SEARCH_PATHS = (
					"/usr/local/Cellar/open-mpi/3.1.0/include",
					/usr/local/Cellar/petsc/3.9.2/include,
					/usr/local/include,
				);
				LD_MAP_FILE_PATH = "$(BUILD_DIR)/$(PRODUCT_NAME)-LinkMap.txt";
				LIBRARY_SEARCH_PATHS = (
					/usr/local/Cellar/petsc/3.9.2/lib,
					"/usr/local/Cellar/open-mpi/3.1.0/lib",
					/usr/local/lib,
				);
				OBJROOT = "$(SYMROOT)";
				OTHER_CFLAGS = (
					"-g",
					"-Wall",
					"-m64",
					"-Os",
					"-Wwrite-strings",
					"-Wmissing-declarations",
					"-Wuninitialized",
				);
				OTHER_LDFLAGS = (
					"-lmpi_cxx",
					"-lmpi",
					"-lm",
					"-ldl",
					"-lc",
					"-lpetsc",
				);
				PRODUCT_NAME = "$(TARGET_NAME)";
				SHARED_PRECOMPS_DIR = "$(BUILD_DIR)/SharedPrecompiledHeaders";
				SYMROOT = build;
				VALID_ARCHS = x86_64;
			};
			name = Debug;
		};
		3F72FEF62034575B00FBB647 /* Release */ = {
			isa = XCBuildConfiguration;
			buildSettings = {
				CODE_SIGN_STYLE = Automatic;
				CONFIGURATION_BUILD_DIR = "$(BUILD_DIR)/$(EFFECTIVE_PLATFORM_NAME)";
				CONFIGURATION_TEMP_DIR = "$(PROJECT_TEMP_DIR)/$(EFFECTIVE_PLATFORM_NAME)";
				DEVELOPMENT_TEAM = KB22EGXEQA;
				HEADER_SEARCH_PATHS = (
					"/usr/local/Cellar/open-mpi/3.1.0/include",
					/usr/local/Cellar/petsc/3.9.2/include,
					/usr/local/include,
				);
				LD_MAP_FILE_PATH = "$(BUILD_DIR)/$(PRODUCT_NAME)-LinkMap.txt";
				LIBRARY_SEARCH_PATHS = (
					/usr/local/Cellar/petsc/3.9.2/lib,
					"/usr/local/Cellar/open-mpi/3.1.0/lib",
					/usr/local/lib,
				);
				OBJROOT = "$(SYMROOT)";
				OTHER_CFLAGS = (
					"-g",
					"-Wall",
					"-m64",
					"-Os",
					"-Wwrite-strings",
					"-Wmissing-declarations",
					"-Wuninitialized",
				);
				OTHER_LDFLAGS = (
					"-lmpi_cxx",
					"-lmpi",
					"-lm",
					"-ldl",
					"-lc",
					"-lpetsc",
				);
				PRODUCT_NAME = "$(TARGET_NAME)";
				SHARED_PRECOMPS_DIR = "$(BUILD_DIR)/SharedPrecompiledHeaders";
				SYMROOT = build;
				VALID_ARCHS = x86_64;
			};
			name = Release;
		};
		3F72FF27203463AC00FBB647 /* Debug */ = {
			isa = XCBuildConfiguration;
			buildSettings = {
				CODE_SIGN_STYLE = Automatic;
				CONFIGURATION_BUILD_DIR = "$(BUILD_DIR)/$(EFFECTIVE_PLATFORM_NAME)";
				CONFIGURATION_TEMP_DIR = "$(PROJECT_TEMP_DIR)/$(EFFECTIVE_PLATFORM_NAME)";
				DEVELOPMENT_TEAM = KB22EGXEQA;
				HEADER_SEARCH_PATHS = (
					"/usr/local/Cellar/open-mpi/3.1.0/include",
					/usr/local/Cellar/petsc/3.9.2/include,
				);
				LD_MAP_FILE_PATH = "$(BUILD_DIR)/$(PRODUCT_NAME)-LinkMap.txt";
				LIBRARY_SEARCH_PATHS = (
					/usr/local/Cellar/petsc/3.9.2/lib,
					"/usr/local/Cellar/open-mpi/3.1.0/lib",
				);
				OTHER_CFLAGS = (
					"-g",
					"-Wall",
					"-m64",
					"-Os",
					"-Wwrite-strings",
					"-Wmissing-declarations",
					"-Wuninitialized",
				);
				OTHER_LDFLAGS = (
					"-lmpi_cxx",
					"-lmpi",
					"-lm",
					"-ldl",
					"-lc",
					"-lpetsc",
				);
				PRODUCT_NAME = "$(TARGET_NAME)";
				VALID_ARCHS = x86_64;
			};
			name = Debug;
		};
		3F72FF28203463AC00FBB647 /* Release */ = {
			isa = XCBuildConfiguration;
			buildSettings = {
				CODE_SIGN_STYLE = Automatic;
				CONFIGURATION_BUILD_DIR = "$(BUILD_DIR)/$(EFFECTIVE_PLATFORM_NAME)";
				CONFIGURATION_TEMP_DIR = "$(PROJECT_TEMP_DIR)/$(EFFECTIVE_PLATFORM_NAME)";
				DEVELOPMENT_TEAM = KB22EGXEQA;
				HEADER_SEARCH_PATHS = (
					"/usr/local/Cellar/open-mpi/3.1.0/include",
					/usr/local/Cellar/petsc/3.9.2/include,
				);
				LD_MAP_FILE_PATH = "$(BUILD_DIR)/$(PRODUCT_NAME)-LinkMap.txt";
				LIBRARY_SEARCH_PATHS = (
					/usr/local/Cellar/petsc/3.9.2/lib,
					"/usr/local/Cellar/open-mpi/3.1.0/lib",
				);
				OTHER_CFLAGS = (
					"-g",
					"-Wall",
					"-m64",
					"-Os",
					"-Wwrite-strings",
					"-Wmissing-declarations",
					"-Wuninitialized",
				);
				OTHER_LDFLAGS = (
					"-lmpi_cxx",
					"-lmpi",
					"-lm",
					"-ldl",
					"-lc",
					"-lpetsc",
				);
				PRODUCT_NAME = "$(TARGET_NAME)";
				VALID_ARCHS = x86_64;
			};
			name = Release;
		};
/* End XCBuildConfiguration section */

/* Begin XCConfigurationList section */
		3F72FEE82034575B00FBB647 /* Build configuration list for PBXProject "M4" */ = {
			isa = XCConfigurationList;
			buildConfigurations = (
				3F72FEF22034575B00FBB647 /* Debug */,
				3F72FEF32034575B00FBB647 /* Release */,
			);
			defaultConfigurationIsVisible = 0;
			defaultConfigurationName = Release;
		};
		3F72FEF42034575B00FBB647 /* Build configuration list for PBXNativeTarget "M4" */ = {
			isa = XCConfigurationList;
			buildConfigurations = (
				3F72FEF52034575B00FBB647 /* Debug */,
				3F72FEF62034575B00FBB647 /* Release */,
			);
			defaultConfigurationIsVisible = 0;
			defaultConfigurationName = Release;
		};
		3F72FF26203463AC00FBB647 /* Build configuration list for PBXNativeTarget "conv" */ = {
			isa = XCConfigurationList;
			buildConfigurations = (
				3F72FF27203463AC00FBB647 /* Debug */,
				3F72FF28203463AC00FBB647 /* Release */,
			);
			defaultConfigurationIsVisible = 0;
			defaultConfigurationName = Release;
		};
/* End XCConfigurationList section */
	};
	rootObject = 3F72FEE52034575B00FBB647 /* Project object */;
}
